
Microsoft Visual Studio Solution File, Format Version 12.00
# Visual Studio Version 17
VisualStudioVersion = 17.7.34031.279
MinimumVisualStudioVersion = 10.0.40219.1
Project("{9A19103F-16F7-4668-BE54-9A1E7A4F7556}") = "URLShorteningService", "URLShorteningService\URLShorteningService.csproj", "{830258A1-A9F4-4BA2-ABBB-3E75D2B8D07C}"
EndProject
Project("{FAE04EC0-301F-11D3-BF4B-00C04F79EFBC}") = "URLShorteningService.Test", "URLShorteningService.Test\URLShorteningService.Test.csproj", "{556DAFC3-2D6E-4217-A19E-242FCB65D551}"
EndProject
Global
	GlobalSection(SolutionConfigurationPlatforms) = preSolution
		Debug|Any CPU = Debug|Any CPU
		Release|Any CPU = Release|Any CPU
	EndGlobalSection
	GlobalSection(ProjectConfigurationPlatforms) = postSolution
		{830258A1-A9F4-4BA2-ABBB-3E75D2B8D07C}.Debug|Any CPU.ActiveCfg = Debug|Any CPU
		{830258A1-A9F4-4BA2-ABBB-3E75D2B8D07C}.Debug|Any CPU.Build.0 = Debug|Any CPU
		{830258A1-A9F4-4BA2-ABBB-3E75D2B8D07C}.Release|Any CPU.ActiveCfg = Release|Any CPU
		{830258A1-A9F4-4BA2-ABBB-3E75D2B8D07C}.Release|Any CPU.Build.0 = Release|Any CPU
		{556DAFC3-2D6E-4217-A19E-242FCB65D551}.Debug|Any CPU.ActiveCfg = Debug|Any CPU
		{556DAFC3-2D6E-4217-A19E-242FCB65D551}.Debug|Any CPU.Build.0 = Debug|Any CPU
		{556DAFC3-2D6E-4217-A19E-242FCB65D551}.Release|Any CPU.ActiveCfg = Release|Any CPU
		{556DAFC3-2D6E-4217-A19E-242FCB65D551}.Release|Any CPU.Build.0 = Release|Any CPU
	EndGlobalSection
	GlobalSection(SolutionProperties) = preSolution
		HideSolutionNode = FALSE
	EndGlobalSection
	GlobalSection(ExtensibilityGlobals) = postSolution
		SolutionGuid = {06D25359-7CE1-497A-9BDC-29D6C385A531}
	EndGlobalSection
EndGlobal
